{
  "name": "studio",
  "version": "1.0.0",
  "lockfileVersion": 3,
  "requires": true,
  "packages": {
    "": {
      "name": "studio",
      "version": "1.0.0",
      "license": "ISC",
      "dependencies": {
        "typescript": "^5.2.2"
      },
      "devDependencies": {
        "@types/wicg-file-system-access": "^2023.10.1"
      }
    },
    "node_modules/@types/wicg-file-system-access": {
      "version": "2023.10.1",
      "resolved": "https://registry.npmjs.org/@types/wicg-file-system-access/-/wicg-file-system-access-2023.10.1.tgz",
      "integrity": "sha512-oOOUU1CpbbqYI9xt71oKzFO00CbAZ+nQwXfcCOdY8TCsPs8vH0s8i5F2VzeqIEQhYYmvokinyibg4vQvQW8QIg==",
      "dev": true
    },
    "node_modules/typescript": {
      "version": "5.2.2",
      "resolved": "https://registry.npmjs.org/typescript/-/typescript-5.2.2.tgz",
      "integrity": "sha512-mI4WrpHsbCIcwT9cF4FZvr80QUeKvsUsUvKDoR+X/7XHQH98xYD8YHZg7ANtz2GtZt/CBq2QJ0thkGJMHfqc1w==",
      "bin": {
        "tsc": "bin/tsc",
        "tsserver": "bin/tsserver"
      },
      "engines": {
        "node": ">=14.17"
      }
    }
  }
}
